// !$*UTF8*$!
{
	archiveVersion = 1;
	classes = {
	};
	objectVersion = 46;
	objects = {

/* Begin PBXBuildFile section */
		328E330B1F50015200EACD89 /* libboost_date_time.a in Frameworks */ = {isa = PBXBuildFile; fileRef = 328E33081F50015200EACD89 /* libboost_date_time.a */; };
		328E330C1F50015200EACD89 /* libboost_random.a in Frameworks */ = {isa = PBXBuildFile; fileRef = 328E33091F50015200EACD89 /* libboost_random.a */; };
		328E330D1F50015200EACD89 /* libboost_system.a in Frameworks */ = {isa = PBXBuildFile; fileRef = 328E330A1F50015200EACD89 /* libboost_system.a */; };
		328E33101F50016000EACD89 /* libcrypto.a in Frameworks */ = {isa = PBXBuildFile; fileRef = 328E330E1F50016000EACD89 /* libcrypto.a */; };
		328E33111F50016000EACD89 /* libssl.a in Frameworks */ = {isa = PBXBuildFile; fileRef = 328E330F1F50016000EACD89 /* libssl.a */; };
		328E33141F50045F00EACD89 /* sio_client.cpp in Sources */ = {isa = PBXBuildFile; fileRef = 328E33121F50045F00EACD89 /* sio_client.cpp */; };
		328E33151F50045F00EACD89 /* sio_socket.cpp in Sources */ = {isa = PBXBuildFile; fileRef = 328E33131F50045F00EACD89 /* sio_socket.cpp */; };
		32EA271C1F4FF7AC00362E52 /* SioClientTLS.framework in Frameworks */ = {isa = PBXBuildFile; fileRef = 32EA27121F4FF7AC00362E52 /* SioClientTLS.framework */; };
		32EA27211F4FF7AC00362E52 /* SioClientTLSTests.m in Sources */ = {isa = PBXBuildFile; fileRef = 32EA27201F4FF7AC00362E52 /* SioClientTLSTests.m */; };
		32EA27311F4FF7F700362E52 /* sio_client.h in Headers */ = {isa = PBXBuildFile; fileRef = 32EA272D1F4FF7F700362E52 /* sio_client.h */; settings = {ATTRIBUTES = (Public, ); }; };
		32EA27321F4FF7F700362E52 /* sio_message.h in Headers */ = {isa = PBXBuildFile; fileRef = 32EA272E1F4FF7F700362E52 /* sio_message.h */; settings = {ATTRIBUTES = (Public, ); }; };
		32EA27331F4FF7F700362E52 /* sio_socket.h in Headers */ = {isa = PBXBuildFile; fileRef = 32EA272F1F4FF7F700362E52 /* sio_socket.h */; settings = {ATTRIBUTES = (Public, ); }; };
		32EA273B1F4FFC2000362E52 /* sio_client_impl.cpp in Sources */ = {isa = PBXBuildFile; fileRef = 32EA27371F4FFC2000362E52 /* sio_client_impl.cpp */; };
		32EA273C1F4FFC2000362E52 /* sio_client_impl.h in Headers */ = {isa = PBXBuildFile; fileRef = 32EA27381F4FFC2000362E52 /* sio_client_impl.h */; };
		32EA273D1F4FFC2000362E52 /* sio_packet.cpp in Sources */ = {isa = PBXBuildFile; fileRef = 32EA27391F4FFC2000362E52 /* sio_packet.cpp */; };
		32EA273E1F4FFC2000362E52 /* sio_packet.h in Headers */ = {isa = PBXBuildFile; fileRef = 32EA273A1F4FFC2000362E52 /* sio_packet.h */; };
/* End PBXBuildFile section */

/* Begin PBXContainerItemProxy section */
		32EA271D1F4FF7AC00362E52 /* PBXContainerItemProxy */ = {
			isa = PBXContainerItemProxy;
			containerPortal = 32EA27091F4FF7AC00362E52 /* Project object */;
			proxyType = 1;
			remoteGlobalIDString = 32EA27111F4FF7AC00362E52;
			remoteInfo = SioClientTLS;
		};
/* End PBXContainerItemProxy section */

/* Begin PBXFileReference section */
		328E33081F50015200EACD89 /* libboost_date_time.a */ = {isa = PBXFileReference; lastKnownFileType = archive.ar; name = libboost_date_time.a; path = boost/lib/libboost_date_time.a; sourceTree = "<group>"; };
		328E33091F50015200EACD89 /* libboost_random.a */ = {isa = PBXFileReference; lastKnownFileType = archive.ar; name = libboost_random.a; path = boost/lib/libboost_random.a; sourceTree = "<group>"; };
		328E330A1F50015200EACD89 /* libboost_system.a */ = {isa = PBXFileReference; lastKnownFileType = archive.ar; name = libboost_system.a; path = boost/lib/libboost_system.a; sourceTree = "<group>"; };
		328E330E1F50016000EACD89 /* libcrypto.a */ = {isa = PBXFileReference; lastKnownFileType = archive.ar; name = libcrypto.a; path = openssl/lib/libcrypto.a; sourceTree = "<group>"; };
		328E330F1F50016000EACD89 /* libssl.a */ = {isa = PBXFileReference; lastKnownFileType = archive.ar; name = libssl.a; path = openssl/lib/libssl.a; sourceTree = "<group>"; };
		328E33121F50045F00EACD89 /* sio_client.cpp */ = {isa = PBXFileReference; fileEncoding = 4; lastKnownFileType = sourcecode.cpp.cpp; path = sio_client.cpp; sourceTree = "<group>"; };
		328E33131F50045F00EACD89 /* sio_socket.cpp */ = {isa = PBXFileReference; fileEncoding = 4; lastKnownFileType = sourcecode.cpp.cpp; path = sio_socket.cpp; sourceTree = "<group>"; };
		32EA27121F4FF7AC00362E52 /* SioClientTLS.framework */ = {isa = PBXFileReference; explicitFileType = wrapper.framework; includeInIndex = 0; path = SioClientTLS.framework; sourceTree = BUILT_PRODUCTS_DIR; };
		32EA27161F4FF7AC00362E52 /* Info.plist */ = {isa = PBXFileReference; lastKnownFileType = text.plist.xml; path = Info.plist; sourceTree = "<group>"; };
		32EA271B1F4FF7AC00362E52 /* SioClientTLSTests.xctest */ = {isa = PBXFileReference; explicitFileType = wrapper.cfbundle; includeInIndex = 0; path = SioClientTLSTests.xctest; sourceTree = BUILT_PRODUCTS_DIR; };
		32EA27201F4FF7AC00362E52 /* SioClientTLSTests.m */ = {isa = PBXFileReference; lastKnownFileType = sourcecode.c.objc; path = SioClientTLSTests.m; sourceTree = "<group>"; };
		32EA27221F4FF7AC00362E52 /* Info.plist */ = {isa = PBXFileReference; lastKnownFileType = text.plist.xml; path = Info.plist; sourceTree = "<group>"; };
		32EA272D1F4FF7F700362E52 /* sio_client.h */ = {isa = PBXFileReference; fileEncoding = 4; lastKnownFileType = sourcecode.c.h; path = sio_client.h; sourceTree = "<group>"; };
		32EA272E1F4FF7F700362E52 /* sio_message.h */ = {isa = PBXFileReference; fileEncoding = 4; lastKnownFileType = sourcecode.c.h; path = sio_message.h; sourceTree = "<group>"; };
		32EA272F1F4FF7F700362E52 /* sio_socket.h */ = {isa = PBXFileReference; fileEncoding = 4; lastKnownFileType = sourcecode.c.h; path = sio_socket.h; sourceTree = "<group>"; };
		32EA27371F4FFC2000362E52 /* sio_client_impl.cpp */ = {isa = PBXFileReference; fileEncoding = 4; lastKnownFileType = sourcecode.cpp.cpp; path = sio_client_impl.cpp; sourceTree = "<group>"; };
		32EA27381F4FFC2000362E52 /* sio_client_impl.h */ = {isa = PBXFileReference; fileEncoding = 4; lastKnownFileType = sourcecode.c.h; path = sio_client_impl.h; sourceTree = "<group>"; };
		32EA27391F4FFC2000362E52 /* sio_packet.cpp */ = {isa = PBXFileReference; fileEncoding = 4; lastKnownFileType = sourcecode.cpp.cpp; path = sio_packet.cpp; sourceTree = "<group>"; };
		32EA273A1F4FFC2000362E52 /* sio_packet.h */ = {isa = PBXFileReference; fileEncoding = 4; lastKnownFileType = sourcecode.c.h; path = sio_packet.h; sourceTree = "<group>"; };
/* End PBXFileReference section */

/* Begin PBXFrameworksBuildPhase section */
		32EA270E1F4FF7AC00362E52 /* Frameworks */ = {
			isa = PBXFrameworksBuildPhase;
			buildActionMask = 2147483647;
			files = (
				328E33101F50016000EACD89 /* libcrypto.a in Frameworks */,
				328E33111F50016000EACD89 /* libssl.a in Frameworks */,
				328E330B1F50015200EACD89 /* libboost_date_time.a in Frameworks */,
				328E330C1F50015200EACD89 /* libboost_random.a in Frameworks */,
				328E330D1F50015200EACD89 /* libboost_system.a in Frameworks */,
			);
			runOnlyForDeploymentPostprocessing = 0;
		};
		32EA27181F4FF7AC00362E52 /* Frameworks */ = {
			isa = PBXFrameworksBuildPhase;
			buildActionMask = 2147483647;
			files = (
				32EA271C1F4FF7AC00362E52 /* SioClientTLS.framework in Frameworks */,
			);
			runOnlyForDeploymentPostprocessing = 0;
		};
/* End PBXFrameworksBuildPhase section */

/* Begin PBXGroup section */
		328E33071F50015000EACD89 /* Frameworks */ = {
			isa = PBXGroup;
			children = (
				328E330E1F50016000EACD89 /* libcrypto.a */,
				328E330F1F50016000EACD89 /* libssl.a */,
				328E33081F50015200EACD89 /* libboost_date_time.a */,
				328E33091F50015200EACD89 /* libboost_random.a */,
				328E330A1F50015200EACD89 /* libboost_system.a */,
			);
			name = Frameworks;
			sourceTree = "<group>";
		};
		32EA27081F4FF7AC00362E52 = {
			isa = PBXGroup;
			children = (
				32EA27141F4FF7AC00362E52 /* SioClientTLS */,
				32EA271F1F4FF7AC00362E52 /* SioClientTLSTests */,
				32EA27131F4FF7AC00362E52 /* Products */,
				328E33071F50015000EACD89 /* Frameworks */,
			);
			sourceTree = "<group>";
		};
		32EA27131F4FF7AC00362E52 /* Products */ = {
			isa = PBXGroup;
			children = (
				32EA27121F4FF7AC00362E52 /* SioClientTLS.framework */,
				32EA271B1F4FF7AC00362E52 /* SioClientTLSTests.xctest */,
			);
			name = Products;
			sourceTree = "<group>";
		};
		32EA27141F4FF7AC00362E52 /* SioClientTLS */ = {
			isa = PBXGroup;
			children = (
				328E33121F50045F00EACD89 /* sio_client.cpp */,
				328E33131F50045F00EACD89 /* sio_socket.cpp */,
				32EA27361F4FFC2000362E52 /* internal */,
				32EA272D1F4FF7F700362E52 /* sio_client.h */,
				32EA272E1F4FF7F700362E52 /* sio_message.h */,
				32EA272F1F4FF7F700362E52 /* sio_socket.h */,
				32EA27161F4FF7AC00362E52 /* Info.plist */,
			);
			path = SioClientTLS;
			sourceTree = "<group>";
		};
		32EA271F1F4FF7AC00362E52 /* SioClientTLSTests */ = {
			isa = PBXGroup;
			children = (
				32EA27201F4FF7AC00362E52 /* SioClientTLSTests.m */,
				32EA27221F4FF7AC00362E52 /* Info.plist */,
			);
			path = SioClientTLSTests;
			sourceTree = "<group>";
		};
		32EA27361F4FFC2000362E52 /* internal */ = {
			isa = PBXGroup;
			children = (
				32EA27371F4FFC2000362E52 /* sio_client_impl.cpp */,
				32EA27381F4FFC2000362E52 /* sio_client_impl.h */,
				32EA27391F4FFC2000362E52 /* sio_packet.cpp */,
				32EA273A1F4FFC2000362E52 /* sio_packet.h */,
			);
			path = internal;
			sourceTree = "<group>";
		};
/* End PBXGroup section */

/* Begin PBXHeadersBuildPhase section */
		32EA270F1F4FF7AC00362E52 /* Headers */ = {
			isa = PBXHeadersBuildPhase;
			buildActionMask = 2147483647;
			files = (
				32EA27321F4FF7F700362E52 /* sio_message.h in Headers */,
				32EA273C1F4FFC2000362E52 /* sio_client_impl.h in Headers */,
				32EA27311F4FF7F700362E52 /* sio_client.h in Headers */,
				32EA27331F4FF7F700362E52 /* sio_socket.h in Headers */,
				32EA273E1F4FFC2000362E52 /* sio_packet.h in Headers */,
			);
			runOnlyForDeploymentPostprocessing = 0;
		};
/* End PBXHeadersBuildPhase section */

/* Begin PBXNativeTarget section */
		32EA27111F4FF7AC00362E52 /* SioClientTLS */ = {
			isa = PBXNativeTarget;
			buildConfigurationList = 32EA27261F4FF7AC00362E52 /* Build configuration list for PBXNativeTarget "SioClientTLS" */;
			buildPhases = (
				32EA270D1F4FF7AC00362E52 /* Sources */,
				32EA270E1F4FF7AC00362E52 /* Frameworks */,
				32EA270F1F4FF7AC00362E52 /* Headers */,
				32EA27101F4FF7AC00362E52 /* Resources */,
			);
			buildRules = (
			);
			dependencies = (
			);
			name = SioClientTLS;
			productName = SioClientTLS;
			productReference = 32EA27121F4FF7AC00362E52 /* SioClientTLS.framework */;
			productType = "com.apple.product-type.framework";
		};
		32EA271A1F4FF7AC00362E52 /* SioClientTLSTests */ = {
			isa = PBXNativeTarget;
			buildConfigurationList = 32EA27291F4FF7AC00362E52 /* Build configuration list for PBXNativeTarget "SioClientTLSTests" */;
			buildPhases = (
				32EA27171F4FF7AC00362E52 /* Sources */,
				32EA27181F4FF7AC00362E52 /* Frameworks */,
				32EA27191F4FF7AC00362E52 /* Resources */,
			);
			buildRules = (
			);
			dependencies = (
				32EA271E1F4FF7AC00362E52 /* PBXTargetDependency */,
			);
			name = SioClientTLSTests;
			productName = SioClientTLSTests;
			productReference = 32EA271B1F4FF7AC00362E52 /* SioClientTLSTests.xctest */;
			productType = "com.apple.product-type.bundle.unit-test";
		};
/* End PBXNativeTarget section */

/* Begin PBXProject section */
		32EA27091F4FF7AC00362E52 /* Project object */ = {
			isa = PBXProject;
			attributes = {
				LastUpgradeCheck = 0830;
				ORGANIZATIONNAME = "cheng chuanpeng";
				TargetAttributes = {
					32EA27111F4FF7AC00362E52 = {
						CreatedOnToolsVersion = 8.3.3;
						DevelopmentTeam = VRGS6G42JR;
						ProvisioningStyle = Automatic;
					};
					32EA271A1F4FF7AC00362E52 = {
						CreatedOnToolsVersion = 8.3.3;
						DevelopmentTeam = VRGS6G42JR;
						ProvisioningStyle = Automatic;
					};
				};
			};
			buildConfigurationList = 32EA270C1F4FF7AC00362E52 /* Build configuration list for PBXProject "SioClientTLS" */;
			compatibilityVersion = "Xcode 3.2";
			developmentRegion = English;
			hasScannedForEncodings = 0;
			knownRegions = (
				en,
			);
			mainGroup = 32EA27081F4FF7AC00362E52;
			productRefGroup = 32EA27131F4FF7AC00362E52 /* Products */;
			projectDirPath = "";
			projectRoot = "";
			targets = (
				32EA27111F4FF7AC00362E52 /* SioClientTLS */,
				32EA271A1F4FF7AC00362E52 /* SioClientTLSTests */,
			);
		};
/* End PBXProject section */

/* Begin PBXResourcesBuildPhase section */
		32EA27101F4FF7AC00362E52 /* Resources */ = {
			isa = PBXResourcesBuildPhase;
			buildActionMask = 2147483647;
			files = (
			);
			runOnlyForDeploymentPostprocessing = 0;
		};
		32EA27191F4FF7AC00362E52 /* Resources */ = {
			isa = PBXResourcesBuildPhase;
			buildActionMask = 2147483647;
			files = (
			);
			runOnlyForDeploymentPostprocessing = 0;
		};
/* End PBXResourcesBuildPhase section */

/* Begin PBXSourcesBuildPhase section */
		32EA270D1F4FF7AC00362E52 /* Sources */ = {
			isa = PBXSourcesBuildPhase;
			buildActionMask = 2147483647;
			files = (
				32EA273B1F4FFC2000362E52 /* sio_client_impl.cpp in Sources */,
				32EA273D1F4FFC2000362E52 /* sio_packet.cpp in Sources */,
				328E33151F50045F00EACD89 /* sio_socket.cpp in Sources */,
				328E33141F50045F00EACD89 /* sio_client.cpp in Sources */,
			);
			runOnlyForDeploymentPostprocessing = 0;
		};
		32EA27171F4FF7AC00362E52 /* Sources */ = {
			isa = PBXSourcesBuildPhase;
			buildActionMask = 2147483647;
			files = (
				32EA27211F4FF7AC00362E52 /* SioClientTLSTests.m in Sources */,
			);
			runOnlyForDeploymentPostprocessing = 0;
		};
/* End PBXSourcesBuildPhase section */

/* Begin PBXTargetDependency section */
		32EA271E1F4FF7AC00362E52 /* PBXTargetDependency */ = {
			isa = PBXTargetDependency;
			target = 32EA27111F4FF7AC00362E52 /* SioClientTLS */;
			targetProxy = 32EA271D1F4FF7AC00362E52 /* PBXContainerItemProxy */;
		};
/* End PBXTargetDependency section */

/* Begin XCBuildConfiguration section */
		32EA27241F4FF7AC00362E52 /* Debug */ = {
			isa = XCBuildConfiguration;
			buildSettings = {
				ALWAYS_SEARCH_USER_PATHS = NO;
				CLANG_ANALYZER_NONNULL = YES;
				CLANG_ANALYZER_NUMBER_OBJECT_CONVERSION = YES_AGGRESSIVE;
				CLANG_CXX_LANGUAGE_STANDARD = "gnu++0x";
				CLANG_CXX_LIBRARY = "libc++";
				CLANG_ENABLE_MODULES = YES;
				CLANG_ENABLE_OBJC_ARC = YES;
				CLANG_WARN_BOOL_CONVERSION = YES;
				CLANG_WARN_CONSTANT_CONVERSION = YES;
				CLANG_WARN_DIRECT_OBJC_ISA_USAGE = YES_ERROR;
				CLANG_WARN_DOCUMENTATION_COMMENTS = YES;
				CLANG_WARN_EMPTY_BODY = YES;
				CLANG_WARN_ENUM_CONVERSION = YES;
				CLANG_WARN_INFINITE_RECURSION = YES;
				CLANG_WARN_INT_CONVERSION = YES;
				CLANG_WARN_OBJC_ROOT_CLASS = YES_ERROR;
				CLANG_WARN_SUSPICIOUS_MOVE = YES;
				CLANG_WARN_UNREACHABLE_CODE = YES;
				CLANG_WARN__DUPLICATE_METHOD_MATCH = YES;
				"CODE_SIGN_IDENTITY[sdk=iphoneos*]" = "iPhone Developer";
				COPY_PHASE_STRIP = NO;
				CURRENT_PROJECT_VERSION = 1;
				DEBUG_INFORMATION_FORMAT = dwarf;
				ENABLE_STRICT_OBJC_MSGSEND = YES;
				ENABLE_TESTABILITY = YES;
				GCC_C_LANGUAGE_STANDARD = gnu99;
				GCC_DYNAMIC_NO_PIC = NO;
				GCC_NO_COMMON_BLOCKS = YES;
				GCC_OPTIMIZATION_LEVEL = 0;
				GCC_PREPROCESSOR_DEFINITIONS = (
					"DEBUG=1",
					"$(inherited)",
				);
				GCC_WARN_64_TO_32_BIT_CONVERSION = YES;
				GCC_WARN_ABOUT_RETURN_TYPE = YES_ERROR;
				GCC_WARN_UNDECLARED_SELECTOR = YES;
				GCC_WARN_UNINITIALIZED_AUTOS = YES_AGGRESSIVE;
				GCC_WARN_UNUSED_FUNCTION = YES;
				GCC_WARN_UNUSED_VARIABLE = YES;
				IPHONEOS_DEPLOYMENT_TARGET = 10.3;
				MTL_ENABLE_DEBUG_INFO = YES;
				ONLY_ACTIVE_ARCH = YES;
				SDKROOT = iphoneos;
				TARGETED_DEVICE_FAMILY = "1,2";
				VERSIONING_SYSTEM = "apple-generic";
				VERSION_INFO_PREFIX = "";
			};
			name = Debug;
		};
		32EA27251F4FF7AC00362E52 /* Release */ = {
			isa = XCBuildConfiguration;
			buildSettings = {
				ALWAYS_SEARCH_USER_PATHS = NO;
				CLANG_ANALYZER_NONNULL = YES;
				CLANG_ANALYZER_NUMBER_OBJECT_CONVERSION = YES_AGGRESSIVE;
				CLANG_CXX_LANGUAGE_STANDARD = "gnu++0x";
				CLANG_CXX_LIBRARY = "libc++";
				CLANG_ENABLE_MODULES = YES;
				CLANG_ENABLE_OBJC_ARC = YES;
				CLANG_WARN_BOOL_CONVERSION = YES;
				CLANG_WARN_CONSTANT_CONVERSION = YES;
				CLANG_WARN_DIRECT_OBJC_ISA_USAGE = YES_ERROR;
				CLANG_WARN_DOCUMENTATION_COMMENTS = YES;
				CLANG_WARN_EMPTY_BODY = YES;
				CLANG_WARN_ENUM_CONVERSION = YES;
				CLANG_WARN_INFINITE_RECURSION = YES;
				CLANG_WARN_INT_CONVERSION = YES;
				CLANG_WARN_OBJC_ROOT_CLASS = YES_ERROR;
				CLANG_WARN_SUSPICIOUS_MOVE = YES;
				CLANG_WARN_UNREACHABLE_CODE = YES;
				CLANG_WARN__DUPLICATE_METHOD_MATCH = YES;
				"CODE_SIGN_IDENTITY[sdk=iphoneos*]" = "iPhone Developer";
				COPY_PHASE_STRIP = NO;
				CURRENT_PROJECT_VERSION = 1;
				DEBUG_INFORMATION_FORMAT = "dwarf-with-dsym";
				ENABLE_NS_ASSERTIONS = NO;
				ENABLE_STRICT_OBJC_MSGSEND = YES;
				GCC_C_LANGUAGE_STANDARD = gnu99;
				GCC_NO_COMMON_BLOCKS = YES;
				GCC_WARN_64_TO_32_BIT_CONVERSION = YES;
				GCC_WARN_ABOUT_RETURN_TYPE = YES_ERROR;
				GCC_WARN_UNDECLARED_SELECTOR = YES;
				GCC_WARN_UNINITIALIZED_AUTOS = YES_AGGRESSIVE;
				GCC_WARN_UNUSED_FUNCTION = YES;
				GCC_WARN_UNUSED_VARIABLE = YES;
				IPHONEOS_DEPLOYMENT_TARGET = 10.3;
				MTL_ENABLE_DEBUG_INFO = NO;
				SDKROOT = iphoneos;
				TARGETED_DEVICE_FAMILY = "1,2";
				VALIDATE_PRODUCT = YES;
				VERSIONING_SYSTEM = "apple-generic";
				VERSION_INFO_PREFIX = "";
			};
			name = Release;
		};
		32EA27271F4FF7AC00362E52 /* Debug */ = {
			isa = XCBuildConfiguration;
			buildSettings = {
				CODE_SIGN_IDENTITY = "";
				DEFINES_MODULE = YES;
				DEVELOPMENT_TEAM = VRGS6G42JR;
				DYLIB_COMPATIBILITY_VERSION = 1;
				DYLIB_CURRENT_VERSION = 1;
				DYLIB_INSTALL_NAME_BASE = "@rpath";
				ENABLE_BITCODE = NO;
				GCC_PREPROCESSOR_DEFINITIONS = (
					"DEBUG=1",
					"$(inherited)",
					"SIO_TLS=1",
				);
				HEADER_SEARCH_PATHS = (
					"$(SRCROOT)/lib/rapidjson/include",
					"$(SRCROOT)/lib/websocketpp",
					"$(SRCROOT)/boost/include",
					"$(SRCROOT)/openssl/include",
				);
				INFOPLIST_FILE = SioClientTLS/Info.plist;
				INSTALL_PATH = "$(LOCAL_LIBRARY_DIR)/Frameworks";
				LD_RUNPATH_SEARCH_PATHS = "$(inherited) @executable_path/Frameworks @loader_path/Frameworks";
				LIBRARY_SEARCH_PATHS = (
					"$(inherited)",
					"$(PROJECT_DIR)/SioClientTLS",
					"$(PROJECT_DIR)/boost/lib",
					"$(PROJECT_DIR)/openssl/lib",
				);
				OTHER_LDFLAGS = "-ObjC";
				PRODUCT_BUNDLE_IDENTIFIER = com.cmcm.liveBeam.SioClientTLS;
				PRODUCT_NAME = "$(TARGET_NAME)";
				SKIP_INSTALL = YES;
				VALID_ARCHS = arm64;
			};
			name = Debug;
		};
		32EA27281F4FF7AC00362E52 /* Release */ = {
			isa = XCBuildConfiguration;
			buildSettings = {
				CODE_SIGN_IDENTITY = "";
				DEFINES_MODULE = YES;
				DEVELOPMENT_TEAM = VRGS6G42JR;
				DYLIB_COMPATIBILITY_VERSION = 1;
				DYLIB_CURRENT_VERSION = 1;
				DYLIB_INSTALL_NAME_BASE = "@rpath";
				ENABLE_BITCODE = NO;
				GCC_PREPROCESSOR_DEFINITIONS = "SIO_TLS=1";
				HEADER_SEARCH_PATHS = (
					"$(SRCROOT)/lib/rapidjson/include",
					"$(SRCROOT)/lib/websocketpp",
					"$(SRCROOT)/boost/include",
					"$(SRCROOT)/openssl/include",
				);
				INFOPLIST_FILE = SioClientTLS/Info.plist;
				INSTALL_PATH = "$(LOCAL_LIBRARY_DIR)/Frameworks";
				LD_RUNPATH_SEARCH_PATHS = "$(inherited) @executable_path/Frameworks @loader_path/Frameworks";
				LIBRARY_SEARCH_PATHS = (
					"$(inherited)",
					"$(PROJECT_DIR)/SioClientTLS",
					"$(PROJECT_DIR)/boost/lib",
					"$(PROJECT_DIR)/openssl/lib",
				);
				OTHER_LDFLAGS = "-ObjC";
				PRODUCT_BUNDLE_IDENTIFIER = com.cmcm.liveBeam.SioClientTLS;
				PRODUCT_NAME = "$(TARGET_NAME)";
				SKIP_INSTALL = YES;
				VALID_ARCHS = arm64;
			};
			name = Release;
		};
		32EA272A1F4FF7AC00362E52 /* Debug */ = {
			isa = XCBuildConfiguration;
			buildSettings = {
				DEVELOPMENT_TEAM = VRGS6G42JR;
				INFOPLIST_FILE = SioClientTLSTests/Info.plist;
				LD_RUNPATH_SEARCH_PATHS = "$(inherited) @executable_path/Frameworks @loader_path/Frameworks";
				PRODUCT_BUNDLE_IDENTIFIER = com.cmcm.liveBeam.SioClientTLSTests;
				PRODUCT_NAME = "$(TARGET_NAME)";
			};
			name = Debug;
		};
		32EA272B1F4FF7AC00362E52 /* Release */ = {
			isa = XCBuildConfiguration;
			buildSettings = {
				DEVELOPMENT_TEAM = VRGS6G42JR;
				INFOPLIST_FILE = SioClientTLSTests/Info.plist;
				LD_RUNPATH_SEARCH_PATHS = "$(inherited) @executable_path/Frameworks @loader_path/Frameworks";
				PRODUCT_BUNDLE_IDENTIFIER = com.cmcm.liveBeam.SioClientTLSTests;
				PRODUCT_NAME = "$(TARGET_NAME)";
			};
			name = Release;
		};
/* End XCBuildConfiguration section */

/* Begin XCConfigurationList section */
		32EA270C1F4FF7AC00362E52 /* Build configuration list for PBXProject "SioClientTLS" */ = {
			isa = XCConfigurationList;
			buildConfigurations = (
				32EA27241F4FF7AC00362E52 /* Debug */,
				32EA27251F4FF7AC00362E52 /* Release */,
			);
			defaultConfigurationIsVisible = 0;
			defaultConfigurationName = Release;
		};
		32EA27261F4FF7AC00362E52 /* Build configuration list for PBXNativeTarget "SioClientTLS" */ = {
			isa = XCConfigurationList;
			buildConfigurations = (
				32EA27271F4FF7AC00362E52 /* Debug */,
				32EA27281F4FF7AC00362E52 /* Release */,
			);
			defaultConfigurationIsVisible = 0;
			defaultConfigurationName = Release;
		};
		32EA27291F4FF7AC00362E52 /* Build configuration list for PBXNativeTarget "SioClientTLSTests" */ = {
			isa = XCConfigurationList;
			buildConfigurations = (
				32EA272A1F4FF7AC00362E52 /* Debug */,
				32EA272B1F4FF7AC00362E52 /* Release */,
			);
			defaultConfigurationIsVisible = 0;
			defaultConfigurationName = Release;
		};
/* End XCConfigurationList section */
	};
	rootObject = 32EA27091F4FF7AC00362E52 /* Project object */;
}
